
Microsoft Visual Studio Solution File, Format Version 12.00
# Visual Studio Version 17
VisualStudioVersion = 17.4.33213.308
MinimumVisualStudioVersion = 10.0.40219.1
Project("{FAE04EC0-301F-11D3-BF4B-00C04F79EFBC}") = "ToDoList", "ToDoList\ToDoList.csproj", "{5517A22A-272D-41D7-90F8-4226E3659FD5}"
EndProject
Global
	GlobalSection(SolutionConfigurationPlatforms) = preSolution
		Debug|Any CPU = Debug|Any CPU
		Release|Any CPU = Release|Any CPU
	EndGlobalSection
	GlobalSection(ProjectConfigurationPlatforms) = postSolution
		{5517A22A-272D-41D7-90F8-4226E3659FD5}.Debug|Any CPU.ActiveCfg = Debug|Any CPU
		{5517A22A-272D-41D7-90F8-4226E3659FD5}.Debug|Any CPU.Build.0 = Debug|Any CPU
		{5517A22A-272D-41D7-90F8-4226E3659FD5}.Release|Any CPU.ActiveCfg = Release|Any CPU
		{5517A22A-272D-41D7-90F8-4226E3659FD5}.Release|Any CPU.Build.0 = Release|Any CPU
	EndGlobalSection
	GlobalSection(SolutionProperties) = preSolution
		HideSolutionNode = FALSE
	EndGlobalSection
	GlobalSection(ExtensibilityGlobals) = postSolution
		SolutionGuid = {04ECF696-026D-45D5-8F25-E9E2F4D4DB9F}
	EndGlobalSection
EndGlobal
